
Microsoft Visual Studio Solution File, Format Version 12.00
Project("{FAE04EC0-301F-11D3-BF4B-00C04F79EFBC}") = "Engine", "Engine\Engine.csproj", "{19F22025-8A72-4575-94B1-05E8A777B775}"
EndProject
Project("{FAE04EC0-301F-11D3-BF4B-00C04F79EFBC}") = "Physix", "Physix\Physix.csproj", "{540E4B74-863A-4DAF-BCB1-4EF7E458A422}"
EndProject
Project("{FAE04EC0-301F-11D3-BF4B-00C04F79EFBC}") = "IA", "IA\IA.csproj", "{37DF1AB3-6097-4C19-BC5C-D6AB91130FF5}"
EndProject
Project("{FAE04EC0-301F-11D3-BF4B-00C04F79EFBC}") = "Map", "Map\Map.csproj", "{C1DC835B-DA89-4508-9E3F-EFE630779906}"
EndProject
Project("{FAE04EC0-301F-11D3-BF4B-00C04F79EFBC}") = "Raycasting", "Raycasting\Raycasting.csproj", "{49C1C1BE-8244-4C5F-9B26-AF747E385F77}"
EndProject
Project("{FAE04EC0-301F-11D3-BF4B-00C04F79EFBC}") = "AudioEngine", "AudioEngine\AudioEngine.csproj", "{C372EBB9-BFA2-439B-A449-04BA343E61DC}"
EndProject
Global
	GlobalSection(SolutionConfigurationPlatforms) = preSolution
		Debug|Any CPU = Debug|Any CPU
		Release|Any CPU = Release|Any CPU
	EndGlobalSection
	GlobalSection(ProjectConfigurationPlatforms) = postSolution
		{19F22025-8A72-4575-94B1-05E8A777B775}.Debug|Any CPU.ActiveCfg = Debug|Any CPU
		{19F22025-8A72-4575-94B1-05E8A777B775}.Debug|Any CPU.Build.0 = Debug|Any CPU
		{19F22025-8A72-4575-94B1-05E8A777B775}.Release|Any CPU.ActiveCfg = Release|Any CPU
		{19F22025-8A72-4575-94B1-05E8A777B775}.Release|Any CPU.Build.0 = Release|Any CPU
		{540E4B74-863A-4DAF-BCB1-4EF7E458A422}.Debug|Any CPU.ActiveCfg = Debug|Any CPU
		{540E4B74-863A-4DAF-BCB1-4EF7E458A422}.Debug|Any CPU.Build.0 = Debug|Any CPU
		{540E4B74-863A-4DAF-BCB1-4EF7E458A422}.Release|Any CPU.ActiveCfg = Release|Any CPU
		{540E4B74-863A-4DAF-BCB1-4EF7E458A422}.Release|Any CPU.Build.0 = Release|Any CPU
		{37DF1AB3-6097-4C19-BC5C-D6AB91130FF5}.Debug|Any CPU.ActiveCfg = Debug|Any CPU
		{37DF1AB3-6097-4C19-BC5C-D6AB91130FF5}.Debug|Any CPU.Build.0 = Debug|Any CPU
		{37DF1AB3-6097-4C19-BC5C-D6AB91130FF5}.Release|Any CPU.ActiveCfg = Release|Any CPU
		{37DF1AB3-6097-4C19-BC5C-D6AB91130FF5}.Release|Any CPU.Build.0 = Release|Any CPU
		{C1DC835B-DA89-4508-9E3F-EFE630779906}.Debug|Any CPU.ActiveCfg = Debug|Any CPU
		{C1DC835B-DA89-4508-9E3F-EFE630779906}.Debug|Any CPU.Build.0 = Debug|Any CPU
		{C1DC835B-DA89-4508-9E3F-EFE630779906}.Release|Any CPU.ActiveCfg = Release|Any CPU
		{C1DC835B-DA89-4508-9E3F-EFE630779906}.Release|Any CPU.Build.0 = Release|Any CPU
		{49C1C1BE-8244-4C5F-9B26-AF747E385F77}.Debug|Any CPU.ActiveCfg = Debug|Any CPU
		{49C1C1BE-8244-4C5F-9B26-AF747E385F77}.Debug|Any CPU.Build.0 = Debug|Any CPU
		{49C1C1BE-8244-4C5F-9B26-AF747E385F77}.Release|Any CPU.ActiveCfg = Release|Any CPU
		{49C1C1BE-8244-4C5F-9B26-AF747E385F77}.Release|Any CPU.Build.0 = Release|Any CPU
		{C372EBB9-BFA2-439B-A449-04BA343E61DC}.Debug|Any CPU.ActiveCfg = Debug|Any CPU
		{C372EBB9-BFA2-439B-A449-04BA343E61DC}.Debug|Any CPU.Build.0 = Debug|Any CPU
		{C372EBB9-BFA2-439B-A449-04BA343E61DC}.Release|Any CPU.ActiveCfg = Release|Any CPU
		{C372EBB9-BFA2-439B-A449-04BA343E61DC}.Release|Any CPU.Build.0 = Release|Any CPU
	EndGlobalSection
EndGlobal
